{
  "nodes": {
    "ccboardSource": {
      "flake": false,
      "locked": {
        "lastModified": 1783765712,
        "narHash": "sha256-IoMbtEvoo75AUfeji+B6D/iUFm4AgK9ozFRBtnmIjWo=",
        "owner": "FlexNetOS",
        "repo": "ccboard",
        "rev": "f127e8a948bdd98ed57abff6759b715dfa345f1a",
        "type": "github"
      },
      "original": {
        "owner": "FlexNetOS",
        "repo": "ccboard",
        "rev": "f127e8a948bdd98ed57abff6759b715dfa345f1a",
        "type": "github"
      }
    },
    "codedbNuPlugin": {
      "inputs": {
        "nixpkgs": [
          "nixpkgs"
        ],
        "rust-overlay": "rust-overlay"
      },
      "locked": {
        "lastModified": 1783970564,
        "narHash": "sha256-OaClnusHFU+4lTFlZ6BeT/2gPW9NYtTgWyIdEesSXts=",
        "owner": "FlexNetOS",
        "repo": "nu_plugin",
        "rev": "2c0272ca324550c684086ecc74ab4ea56fe8ef36",
        "type": "github"
      },
      "original": {
        "owner": "FlexNetOS",
        "repo": "nu_plugin",
        "rev": "2c0272ca324550c684086ecc74ab4ea56fe8ef36",
        "type": "github"
      }
    },
    "nixpkgs": {
      "locked": {
        "lastModified": 1777954456,
        "narHash": "sha256-hGdgeU2Nk87RAuZyYjyDjFL6LK7dAZN5RE9+hrDTkDU=",
        "owner": "NixOS",
        "repo": "nixpkgs",
        "rev": "549bd84d6279f9852cae6225e372cc67fb91a4c1",
        "type": "github"
      },
      "original": {
        "owner": "NixOS",
        "ref": "nixos-unstable",
        "repo": "nixpkgs",
        "type": "github"
      }
    },
    "root": {
      "inputs": {
        "ccboardSource": "ccboardSource",
        "codedbNuPlugin": "codedbNuPlugin",
        "nixpkgs": "nixpkgs"
      }
    },
    "rust-overlay": {
      "inputs": {
        "nixpkgs": [
          "codedbNuPlugin",
          "nixpkgs"
        ]
      },
      "locked": {
        "lastModified": 1783834461,
        "narHash": "sha256-FCmrs1StAghJDKfqy56KM96KZtxpYzgeq6zM3QO8wjA=",
        "owner": "oxalica",
        "repo": "rust-overlay",
        "rev": "a286e5b998e852297a403786f063fb2c9fe7f57a",
        "type": "github"
      },
      "original": {
        "owner": "oxalica",
        "repo": "rust-overlay",
        "type": "github"
      }
    }
  },
  "root": "root",
  "version": 7
}
