{
  "nodes": {
    "ccboardSource": {
      "flake": false,
      "locked": {
        "lastModified": 1782329885,
        "narHash": "sha256-frHTCy5EkKyfqk3M3AziMCkFI5V4o+83/43DafKnGMk=",
        "owner": "FlexNetOS",
        "repo": "ccboard",
        "rev": "9bfda04ba28e6a6e084cf45a5baa33933885241e",
        "type": "github"
      },
      "original": {
        "owner": "FlexNetOS",
        "repo": "ccboard",
        "rev": "9bfda04ba28e6a6e084cf45a5baa33933885241e",
        "type": "github"
      }
    },
    "codedbNuPlugin": {
      "inputs": {
        "nixpkgs": [
          "nixpkgs"
        ]
      },
      "locked": {
        "lastModified": 1783087936,
        "narHash": "sha256-qAOON1OAG4Y6GgxXj1DJFceHI2a6BBZCIheG+ZWcUHk=",
        "owner": "FlexNetOS",
        "repo": "nu_plugin",
        "rev": "37e6d2a22994308f440da1ff3cb3fda9901c9e40",
        "type": "github"
      },
      "original": {
        "owner": "FlexNetOS",
        "repo": "nu_plugin",
        "rev": "37e6d2a22994308f440da1ff3cb3fda9901c9e40",
        "type": "github"
      }
    },
    "nixpkgs": {
      "locked": {
        "lastModified": 1777954456,
        "narHash": "sha256-hGdgeU2Nk87RAuZyYjyDjFL6LK7dAZN5RE9+hrDTkDU=",
        "owner": "NixOS",
        "repo": "nixpkgs",
        "rev": "549bd84d6279f9852cae6225e372cc67fb91a4c1",
        "type": "github"
      },
      "original": {
        "owner": "NixOS",
        "ref": "nixos-unstable",
        "repo": "nixpkgs",
        "type": "github"
      }
    },
    "root": {
      "inputs": {
        "ccboardSource": "ccboardSource",
        "codedbNuPlugin": "codedbNuPlugin",
        "nixpkgs": "nixpkgs"
      }
    }
  },
  "root": "root",
  "version": 7
}
